
Microsoft Visual Studio Solution File, Format Version 12.00
# Visual Studio Version 16
VisualStudioVersion = 16.0.30002.166
MinimumVisualStudioVersion = 10.0.40219.1
Project("{2150E333-8FDC-42A3-9474-1A3956D46DE8}") = "src", "src", "{145AFDCF-D6C4-4256-B6B9-153EE13F5553}"
EndProject
Project("{2150E333-8FDC-42A3-9474-1A3956D46DE8}") = "docs", "docs", "{F566C6A8-8D91-45F0-8064-EFE705A02D20}"
	ProjectSection(SolutionItems) = preProject
		docs\readme.md = docs\readme.md
	EndProjectSection
EndProject
Project("{2150E333-8FDC-42A3-9474-1A3956D46DE8}") = "1-Services", "1-Services", "{A110F397-29DE-49DD-862F-0F58C783FBC1}"
EndProject
Project("{2150E333-8FDC-42A3-9474-1A3956D46DE8}") = "2-Application", "2-Application", "{8FF8EFE4-9365-4B15-A467-438BA83D80B1}"
EndProject
Project("{2150E333-8FDC-42A3-9474-1A3956D46DE8}") = "3-Domain", "3-Domain", "{2C663C7F-E84D-49A2-9A1F-16CDA645D86C}"
EndProject
Project("{2150E333-8FDC-42A3-9474-1A3956D46DE8}") = "4-Common", "4-Common", "{39E7D396-8847-4B69-9934-8F15E1F3D4FC}"
EndProject
Project("{2150E333-8FDC-42A3-9474-1A3956D46DE8}") = "5-Infra", "5-Infra", "{1D682661-B1F9-4824-AF50-E3356C539CA0}"
EndProject
Project("{FAE04EC0-301F-11D3-BF4B-00C04F79EFBC}") = "GetEnderecos.Api", "src\1-Services\GetEnderecos.Api\GetEnderecos.Api.csproj", "{D11FE97D-DF52-494F-96A6-C457D8543F49}"
EndProject
Project("{FAE04EC0-301F-11D3-BF4B-00C04F79EFBC}") = "GetEnderecos.Application", "src\2-Application\GetEnderecos.Application\GetEnderecos.Application.csproj", "{26E1C068-1FCF-4215-B185-B29B07C87224}"
EndProject
Project("{FAE04EC0-301F-11D3-BF4B-00C04F79EFBC}") = "GetEnderecos.Domain", "src\3-Domain\GetEnderecos.Domain\GetEnderecos.Domain.csproj", "{C57A64DB-ECE1-47F9-A44C-EBD78C6AC1E3}"
EndProject
Project("{FAE04EC0-301F-11D3-BF4B-00C04F79EFBC}") = "GetEnderecos.Domain.Core", "src\3-Domain\GetEnderecos.Domain.Core\GetEnderecos.Domain.Core.csproj", "{4E21D460-E4D4-4F50-834D-40E5639CD854}"
EndProject
Project("{FAE04EC0-301F-11D3-BF4B-00C04F79EFBC}") = "GetEnderecos.Common", "src\4-Common\GetEnderecos.Common\GetEnderecos.Common.csproj", "{3D45D3D3-C744-45D1-B221-04C5A660DF3A}"
EndProject
Project("{2150E333-8FDC-42A3-9474-1A3956D46DE8}") = "5.1-Data", "5.1-Data", "{A57C15EC-2A75-423B-B9EE-008B8B543F7E}"
EndProject
Project("{2150E333-8FDC-42A3-9474-1A3956D46DE8}") = "5.2-CrossCutting", "5.2-CrossCutting", "{2BF7AB73-1800-4318-A774-A59CD3B43E17}"
EndProject
Project("{9A19103F-16F7-4668-BE54-9A1E7A4F7556}") = "GetEnderecos.Infra.Data", "src\5-Infra\5.1-Data\GetEnderecos.Infra.Data\GetEnderecos.Infra.Data.csproj", "{B80AC22E-AB7B-49A0-B326-5403972A4430}"
EndProject
Project("{9A19103F-16F7-4668-BE54-9A1E7A4F7556}") = "GetEnderecos.Infra.CrossCutting", "src\5-Infra\5.2-CrossCutting\GetEnderecos.Infra.CrossCutting\GetEnderecos.Infra.CrossCutting.csproj", "{EB552EC0-3AAE-499D-A884-A6DBED40D6A0}"
EndProject
Global
	GlobalSection(SolutionConfigurationPlatforms) = preSolution
		Debug|Any CPU = Debug|Any CPU
		Release|Any CPU = Release|Any CPU
	EndGlobalSection
	GlobalSection(ProjectConfigurationPlatforms) = postSolution
		{D11FE97D-DF52-494F-96A6-C457D8543F49}.Debug|Any CPU.ActiveCfg = Debug|Any CPU
		{D11FE97D-DF52-494F-96A6-C457D8543F49}.Debug|Any CPU.Build.0 = Debug|Any CPU
		{D11FE97D-DF52-494F-96A6-C457D8543F49}.Release|Any CPU.ActiveCfg = Release|Any CPU
		{D11FE97D-DF52-494F-96A6-C457D8543F49}.Release|Any CPU.Build.0 = Release|Any CPU
		{26E1C068-1FCF-4215-B185-B29B07C87224}.Debug|Any CPU.ActiveCfg = Debug|Any CPU
		{26E1C068-1FCF-4215-B185-B29B07C87224}.Debug|Any CPU.Build.0 = Debug|Any CPU
		{26E1C068-1FCF-4215-B185-B29B07C87224}.Release|Any CPU.ActiveCfg = Release|Any CPU
		{26E1C068-1FCF-4215-B185-B29B07C87224}.Release|Any CPU.Build.0 = Release|Any CPU
		{C57A64DB-ECE1-47F9-A44C-EBD78C6AC1E3}.Debug|Any CPU.ActiveCfg = Debug|Any CPU
		{C57A64DB-ECE1-47F9-A44C-EBD78C6AC1E3}.Debug|Any CPU.Build.0 = Debug|Any CPU
		{C57A64DB-ECE1-47F9-A44C-EBD78C6AC1E3}.Release|Any CPU.ActiveCfg = Release|Any CPU
		{C57A64DB-ECE1-47F9-A44C-EBD78C6AC1E3}.Release|Any CPU.Build.0 = Release|Any CPU
		{4E21D460-E4D4-4F50-834D-40E5639CD854}.Debug|Any CPU.ActiveCfg = Debug|Any CPU
		{4E21D460-E4D4-4F50-834D-40E5639CD854}.Debug|Any CPU.Build.0 = Debug|Any CPU
		{4E21D460-E4D4-4F50-834D-40E5639CD854}.Release|Any CPU.ActiveCfg = Release|Any CPU
		{4E21D460-E4D4-4F50-834D-40E5639CD854}.Release|Any CPU.Build.0 = Release|Any CPU
		{3D45D3D3-C744-45D1-B221-04C5A660DF3A}.Debug|Any CPU.ActiveCfg = Debug|Any CPU
		{3D45D3D3-C744-45D1-B221-04C5A660DF3A}.Debug|Any CPU.Build.0 = Debug|Any CPU
		{3D45D3D3-C744-45D1-B221-04C5A660DF3A}.Release|Any CPU.ActiveCfg = Release|Any CPU
		{3D45D3D3-C744-45D1-B221-04C5A660DF3A}.Release|Any CPU.Build.0 = Release|Any CPU
		{B80AC22E-AB7B-49A0-B326-5403972A4430}.Debug|Any CPU.ActiveCfg = Debug|Any CPU
		{B80AC22E-AB7B-49A0-B326-5403972A4430}.Debug|Any CPU.Build.0 = Debug|Any CPU
		{B80AC22E-AB7B-49A0-B326-5403972A4430}.Release|Any CPU.ActiveCfg = Release|Any CPU
		{B80AC22E-AB7B-49A0-B326-5403972A4430}.Release|Any CPU.Build.0 = Release|Any CPU
		{EB552EC0-3AAE-499D-A884-A6DBED40D6A0}.Debug|Any CPU.ActiveCfg = Debug|Any CPU
		{EB552EC0-3AAE-499D-A884-A6DBED40D6A0}.Debug|Any CPU.Build.0 = Debug|Any CPU
		{EB552EC0-3AAE-499D-A884-A6DBED40D6A0}.Release|Any CPU.ActiveCfg = Release|Any CPU
		{EB552EC0-3AAE-499D-A884-A6DBED40D6A0}.Release|Any CPU.Build.0 = Release|Any CPU
	EndGlobalSection
	GlobalSection(SolutionProperties) = preSolution
		HideSolutionNode = FALSE
	EndGlobalSection
	GlobalSection(NestedProjects) = preSolution
		{A110F397-29DE-49DD-862F-0F58C783FBC1} = {145AFDCF-D6C4-4256-B6B9-153EE13F5553}
		{8FF8EFE4-9365-4B15-A467-438BA83D80B1} = {145AFDCF-D6C4-4256-B6B9-153EE13F5553}
		{2C663C7F-E84D-49A2-9A1F-16CDA645D86C} = {145AFDCF-D6C4-4256-B6B9-153EE13F5553}
		{39E7D396-8847-4B69-9934-8F15E1F3D4FC} = {145AFDCF-D6C4-4256-B6B9-153EE13F5553}
		{1D682661-B1F9-4824-AF50-E3356C539CA0} = {145AFDCF-D6C4-4256-B6B9-153EE13F5553}
		{D11FE97D-DF52-494F-96A6-C457D8543F49} = {A110F397-29DE-49DD-862F-0F58C783FBC1}
		{26E1C068-1FCF-4215-B185-B29B07C87224} = {8FF8EFE4-9365-4B15-A467-438BA83D80B1}
		{C57A64DB-ECE1-47F9-A44C-EBD78C6AC1E3} = {2C663C7F-E84D-49A2-9A1F-16CDA645D86C}
		{4E21D460-E4D4-4F50-834D-40E5639CD854} = {2C663C7F-E84D-49A2-9A1F-16CDA645D86C}
		{3D45D3D3-C744-45D1-B221-04C5A660DF3A} = {39E7D396-8847-4B69-9934-8F15E1F3D4FC}
		{A57C15EC-2A75-423B-B9EE-008B8B543F7E} = {1D682661-B1F9-4824-AF50-E3356C539CA0}
		{2BF7AB73-1800-4318-A774-A59CD3B43E17} = {1D682661-B1F9-4824-AF50-E3356C539CA0}
		{B80AC22E-AB7B-49A0-B326-5403972A4430} = {A57C15EC-2A75-423B-B9EE-008B8B543F7E}
		{EB552EC0-3AAE-499D-A884-A6DBED40D6A0} = {2BF7AB73-1800-4318-A774-A59CD3B43E17}
	EndGlobalSection
	GlobalSection(ExtensibilityGlobals) = postSolution
		SolutionGuid = {077BDAAE-FAF2-4ADF-B62D-34CBDBB864F5}
	EndGlobalSection
EndGlobal
